// !$*UTF8*$!
{
	archiveVersion = 1;
	classes = {
	};
	objectVersion = 50;
	objects = {

/* Begin PBXBuildFile section */
		9F6DE382250040B600F38973 /* AppDelegate.swift in Sources */ = {isa = PBXBuildFile; fileRef = 9F6DE381250040B600F38973 /* AppDelegate.swift */; };
		9F6DE384250040B600F38973 /* SceneDelegate.swift in Sources */ = {isa = PBXBuildFile; fileRef = 9F6DE383250040B600F38973 /* SceneDelegate.swift */; };
		9F6DE386250040B600F38973 /* CardsViewController.swift in Sources */ = {isa = PBXBuildFile; fileRef = 9F6DE385250040B600F38973 /* CardsViewController.swift */; };
		9F6DE389250040B600F38973 /* Main.storyboard in Resources */ = {isa = PBXBuildFile; fileRef = 9F6DE387250040B600F38973 /* Main.storyboard */; };
		9F6DE38B250040B900F38973 /* Assets.xcassets in Resources */ = {isa = PBXBuildFile; fileRef = 9F6DE38A250040B900F38973 /* Assets.xcassets */; };
		9F6DE38E250040B900F38973 /* LaunchScreen.storyboard in Resources */ = {isa = PBXBuildFile; fileRef = 9F6DE38C250040B900F38973 /* LaunchScreen.storyboard */; };
		9F6DE39B2500410200F38973 /* ExtensionUivew.swift in Sources */ = {isa = PBXBuildFile; fileRef = 9F6DE3982500410200F38973 /* ExtensionUivew.swift */; };
		9F6DE39C2500410200F38973 /* UIImageView.swift in Sources */ = {isa = PBXBuildFile; fileRef = 9F6DE3992500410200F38973 /* UIImageView.swift */; };
		9F6DE39D2500410200F38973 /* UILabel.swift in Sources */ = {isa = PBXBuildFile; fileRef = 9F6DE39A2500410200F38973 /* UILabel.swift */; };
		9F6DE39F2500433E00F38973 /* CardCollectionViewCell.swift in Sources */ = {isa = PBXBuildFile; fileRef = 9F6DE39E2500433E00F38973 /* CardCollectionViewCell.swift */; };
/* End PBXBuildFile section */

/* Begin PBXFileReference section */
		9F6DE37E250040B600F38973 /* Food Ordering Design APP.app */ = {isa = PBXFileReference; explicitFileType = wrapper.application; includeInIndex = 0; path = "Food Ordering Design APP.app"; sourceTree = BUILT_PRODUCTS_DIR; };
		9F6DE381250040B600F38973 /* AppDelegate.swift */ = {isa = PBXFileReference; lastKnownFileType = sourcecode.swift; path = AppDelegate.swift; sourceTree = "<group>"; };
		9F6DE383250040B600F38973 /* SceneDelegate.swift */ = {isa = PBXFileReference; lastKnownFileType = sourcecode.swift; path = SceneDelegate.swift; sourceTree = "<group>"; };
		9F6DE385250040B600F38973 /* CardsViewController.swift */ = {isa = PBXFileReference; lastKnownFileType = sourcecode.swift; path = CardsViewController.swift; sourceTree = "<group>"; };
		9F6DE388250040B600F38973 /* Base */ = {isa = PBXFileReference; lastKnownFileType = file.storyboard; name = Base; path = Base.lproj/Main.storyboard; sourceTree = "<group>"; };
		9F6DE38A250040B900F38973 /* Assets.xcassets */ = {isa = PBXFileReference; lastKnownFileType = folder.assetcatalog; path = Assets.xcassets; sourceTree = "<group>"; };
		9F6DE38D250040B900F38973 /* Base */ = {isa = PBXFileReference; lastKnownFileType = file.storyboard; name = Base; path = Base.lproj/LaunchScreen.storyboard; sourceTree = "<group>"; };
		9F6DE38F250040B900F38973 /* Info.plist */ = {isa = PBXFileReference; lastKnownFileType = text.plist.xml; path = Info.plist; sourceTree = "<group>"; };
		9F6DE3982500410200F38973 /* ExtensionUivew.swift */ = {isa = PBXFileReference; fileEncoding = 4; lastKnownFileType = sourcecode.swift; path = ExtensionUivew.swift; sourceTree = "<group>"; };
		9F6DE3992500410200F38973 /* UIImageView.swift */ = {isa = PBXFileReference; fileEncoding = 4; lastKnownFileType = sourcecode.swift; path = UIImageView.swift; sourceTree = "<group>"; };
		9F6DE39A2500410200F38973 /* UILabel.swift */ = {isa = PBXFileReference; fileEncoding = 4; lastKnownFileType = sourcecode.swift; path = UILabel.swift; sourceTree = "<group>"; };
		9F6DE39E2500433E00F38973 /* CardCollectionViewCell.swift */ = {isa = PBXFileReference; lastKnownFileType = sourcecode.swift; path = CardCollectionViewCell.swift; sourceTree = "<group>"; };
/* End PBXFileReference section */

/* Begin PBXFrameworksBuildPhase section */
		9F6DE37B250040B600F38973 /* Frameworks */ = {
			isa = PBXFrameworksBuildPhase;
			buildActionMask = 2147483647;
			files = (
			);
			runOnlyForDeploymentPostprocessing = 0;
		};
/* End PBXFrameworksBuildPhase section */

/* Begin PBXGroup section */
		9F6DE375250040B600F38973 = {
			isa = PBXGroup;
			children = (
				9F6DE380250040B600F38973 /* Food Ordering Design APP */,
				9F6DE37F250040B600F38973 /* Products */,
			);
			sourceTree = "<group>";
		};
		9F6DE37F250040B600F38973 /* Products */ = {
			isa = PBXGroup;
			children = (
				9F6DE37E250040B600F38973 /* Food Ordering Design APP.app */,
			);
			name = Products;
			sourceTree = "<group>";
		};
		9F6DE380250040B600F38973 /* Food Ordering Design APP */ = {
			isa = PBXGroup;
			children = (
				9F6DE381250040B600F38973 /* AppDelegate.swift */,
				9F6DE383250040B600F38973 /* SceneDelegate.swift */,
				9F6DE397250040DD00F38973 /* helpers */,
				9F6DE396250040D400F38973 /* view */,
				9F6DE395250040C500F38973 /* controller */,
				9F6DE387250040B600F38973 /* Main.storyboard */,
				9F6DE38A250040B900F38973 /* Assets.xcassets */,
				9F6DE38C250040B900F38973 /* LaunchScreen.storyboard */,
				9F6DE38F250040B900F38973 /* Info.plist */,
			);
			path = "Food Ordering Design APP";
			sourceTree = "<group>";
		};
		9F6DE395250040C500F38973 /* controller */ = {
			isa = PBXGroup;
			children = (
				9F6DE385250040B600F38973 /* CardsViewController.swift */,
			);
			path = controller;
			sourceTree = "<group>";
		};
		9F6DE396250040D400F38973 /* view */ = {
			isa = PBXGroup;
			children = (
				9F6DE39E2500433E00F38973 /* CardCollectionViewCell.swift */,
			);
			path = view;
			sourceTree = "<group>";
		};
		9F6DE397250040DD00F38973 /* helpers */ = {
			isa = PBXGroup;
			children = (
				9F6DE3982500410200F38973 /* ExtensionUivew.swift */,
				9F6DE3992500410200F38973 /* UIImageView.swift */,
				9F6DE39A2500410200F38973 /* UILabel.swift */,
			);
			path = helpers;
			sourceTree = "<group>";
		};
/* End PBXGroup section */

/* Begin PBXNativeTarget section */
		9F6DE37D250040B600F38973 /* Food Ordering Design APP */ = {
			isa = PBXNativeTarget;
			buildConfigurationList = 9F6DE392250040B900F38973 /* Build configuration list for PBXNativeTarget "Food Ordering Design APP" */;
			buildPhases = (
				9F6DE37A250040B600F38973 /* Sources */,
				9F6DE37B250040B600F38973 /* Frameworks */,
				9F6DE37C250040B600F38973 /* Resources */,
			);
			buildRules = (
			);
			dependencies = (
			);
			name = "Food Ordering Design APP";
			productName = "Food Ordering Design APP";
			productReference = 9F6DE37E250040B600F38973 /* Food Ordering Design APP.app */;
			productType = "com.apple.product-type.application";
		};
/* End PBXNativeTarget section */

/* Begin PBXProject section */
		9F6DE376250040B600F38973 /* Project object */ = {
			isa = PBXProject;
			attributes = {
				LastSwiftUpdateCheck = 1140;
				LastUpgradeCheck = 1140;
				ORGANIZATIONNAME = Hossam;
				TargetAttributes = {
					9F6DE37D250040B600F38973 = {
						CreatedOnToolsVersion = 11.4;
					};
				};
			};
			buildConfigurationList = 9F6DE379250040B600F38973 /* Build configuration list for PBXProject "Food Ordering Design APP" */;
			compatibilityVersion = "Xcode 9.3";
			developmentRegion = en;
			hasScannedForEncodings = 0;
			knownRegions = (
				en,
				Base,
			);
			mainGroup = 9F6DE375250040B600F38973;
			productRefGroup = 9F6DE37F250040B600F38973 /* Products */;
			projectDirPath = "";
			projectRoot = "";
			targets = (
				9F6DE37D250040B600F38973 /* Food Ordering Design APP */,
			);
		};
/* End PBXProject section */

/* Begin PBXResourcesBuildPhase section */
		9F6DE37C250040B600F38973 /* Resources */ = {
			isa = PBXResourcesBuildPhase;
			buildActionMask = 2147483647;
			files = (
				9F6DE38E250040B900F38973 /* LaunchScreen.storyboard in Resources */,
				9F6DE38B250040B900F38973 /* Assets.xcassets in Resources */,
				9F6DE389250040B600F38973 /* Main.storyboard in Resources */,
			);
			runOnlyForDeploymentPostprocessing = 0;
		};
/* End PBXResourcesBuildPhase section */

/* Begin PBXSourcesBuildPhase section */
		9F6DE37A250040B600F38973 /* Sources */ = {
			isa = PBXSourcesBuildPhase;
			buildActionMask = 2147483647;
			files = (
				9F6DE39B2500410200F38973 /* ExtensionUivew.swift in Sources */,
				9F6DE39C2500410200F38973 /* UIImageView.swift in Sources */,
				9F6DE386250040B600F38973 /* CardsViewController.swift in Sources */,
				9F6DE382250040B600F38973 /* AppDelegate.swift in Sources */,
				9F6DE39F2500433E00F38973 /* CardCollectionViewCell.swift in Sources */,
				9F6DE39D2500410200F38973 /* UILabel.swift in Sources */,
				9F6DE384250040B600F38973 /* SceneDelegate.swift in Sources */,
			);
			runOnlyForDeploymentPostprocessing = 0;
		};
/* End PBXSourcesBuildPhase section */

/* Begin PBXVariantGroup section */
		9F6DE387250040B600F38973 /* Main.storyboard */ = {
			isa = PBXVariantGroup;
			children = (
				9F6DE388250040B600F38973 /* Base */,
			);
			name = Main.storyboard;
			sourceTree = "<group>";
		};
		9F6DE38C250040B900F38973 /* LaunchScreen.storyboard */ = {
			isa = PBXVariantGroup;
			children = (
				9F6DE38D250040B900F38973 /* Base */,
			);
			name = LaunchScreen.storyboard;
			sourceTree = "<group>";
		};
/* End PBXVariantGroup section */

/* Begin XCBuildConfiguration section */
		9F6DE390250040B900F38973 /* Debug */ = {
			isa = XCBuildConfiguration;
			buildSettings = {
				ALWAYS_SEARCH_USER_PATHS = NO;
				CLANG_ANALYZER_NONNULL = YES;
				CLANG_ANALYZER_NUMBER_OBJECT_CONVERSION = YES_AGGRESSIVE;
				CLANG_CXX_LANGUAGE_STANDARD = "gnu++14";
				CLANG_CXX_LIBRARY = "libc++";
				CLANG_ENABLE_MODULES = YES;
				CLANG_ENABLE_OBJC_ARC = YES;
				CLANG_ENABLE_OBJC_WEAK = YES;
				CLANG_WARN_BLOCK_CAPTURE_AUTORELEASING = YES;
				CLANG_WARN_BOOL_CONVERSION = YES;
				CLANG_WARN_COMMA = YES;
				CLANG_WARN_CONSTANT_CONVERSION = YES;
				CLANG_WARN_DEPRECATED_OBJC_IMPLEMENTATIONS = YES;
				CLANG_WARN_DIRECT_OBJC_ISA_USAGE = YES_ERROR;
				CLANG_WARN_DOCUMENTATION_COMMENTS = YES;
				CLANG_WARN_EMPTY_BODY = YES;
				CLANG_WARN_ENUM_CONVERSION = YES;
				CLANG_WARN_INFINITE_RECURSION = YES;
				CLANG_WARN_INT_CONVERSION = YES;
				CLANG_WARN_NON_LITERAL_NULL_CONVERSION = YES;
				CLANG_WARN_OBJC_IMPLICIT_RETAIN_SELF = YES;
				CLANG_WARN_OBJC_LITERAL_CONVERSION = YES;
				CLANG_WARN_OBJC_ROOT_CLASS = YES_ERROR;
				CLANG_WARN_RANGE_LOOP_ANALYSIS = YES;
				CLANG_WARN_STRICT_PROTOTYPES = YES;
				CLANG_WARN_SUSPICIOUS_MOVE = YES;
				CLANG_WARN_UNGUARDED_AVAILABILITY = YES_AGGRESSIVE;
				CLANG_WARN_UNREACHABLE_CODE = YES;
				CLANG_WARN__DUPLICATE_METHOD_MATCH = YES;
				COPY_PHASE_STRIP = NO;
				DEBUG_INFORMATION_FORMAT = dwarf;
				ENABLE_STRICT_OBJC_MSGSEND = YES;
				ENABLE_TESTABILITY = YES;
				GCC_C_LANGUAGE_STANDARD = gnu11;
				GCC_DYNAMIC_NO_PIC = NO;
				GCC_NO_COMMON_BLOCKS = YES;
				GCC_OPTIMIZATION_LEVEL = 0;
				GCC_PREPROCESSOR_DEFINITIONS = (
					"DEBUG=1",
					"$(inherited)",
				);
				GCC_WARN_64_TO_32_BIT_CONVERSION = YES;
				GCC_WARN_ABOUT_RETURN_TYPE = YES_ERROR;
				GCC_WARN_UNDECLARED_SELECTOR = YES;
				GCC_WARN_UNINITIALIZED_AUTOS = YES_AGGRESSIVE;
				GCC_WARN_UNUSED_FUNCTION = YES;
				GCC_WARN_UNUSED_VARIABLE = YES;
				IPHONEOS_DEPLOYMENT_TARGET = 13.4;
				MTL_ENABLE_DEBUG_INFO = INCLUDE_SOURCE;
				MTL_FAST_MATH = YES;
				ONLY_ACTIVE_ARCH = YES;
				SDKROOT = iphoneos;
				SWIFT_ACTIVE_COMPILATION_CONDITIONS = DEBUG;
				SWIFT_OPTIMIZATION_LEVEL = "-Onone";
			};
			name = Debug;
		};
		9F6DE391250040B900F38973 /* Release */ = {
			isa = XCBuildConfiguration;
			buildSettings = {
				ALWAYS_SEARCH_USER_PATHS = NO;
				CLANG_ANALYZER_NONNULL = YES;
				CLANG_ANALYZER_NUMBER_OBJECT_CONVERSION = YES_AGGRESSIVE;
				CLANG_CXX_LANGUAGE_STANDARD = "gnu++14";
				CLANG_CXX_LIBRARY = "libc++";
				CLANG_ENABLE_MODULES = YES;
				CLANG_ENABLE_OBJC_ARC = YES;
				CLANG_ENABLE_OBJC_WEAK = YES;
				CLANG_WARN_BLOCK_CAPTURE_AUTORELEASING = YES;
				CLANG_WARN_BOOL_CONVERSION = YES;
				CLANG_WARN_COMMA = YES;
				CLANG_WARN_CONSTANT_CONVERSION = YES;
				CLANG_WARN_DEPRECATED_OBJC_IMPLEMENTATIONS = YES;
				CLANG_WARN_DIRECT_OBJC_ISA_USAGE = YES_ERROR;
				CLANG_WARN_DOCUMENTATION_COMMENTS = YES;
				CLANG_WARN_EMPTY_BODY = YES;
				CLANG_WARN_ENUM_CONVERSION = YES;
				CLANG_WARN_INFINITE_RECURSION = YES;
				CLANG_WARN_INT_CONVERSION = YES;
				CLANG_WARN_NON_LITERAL_NULL_CONVERSION = YES;
				CLANG_WARN_OBJC_IMPLICIT_RETAIN_SELF = YES;
				CLANG_WARN_OBJC_LITERAL_CONVERSION = YES;
				CLANG_WARN_OBJC_ROOT_CLASS = YES_ERROR;
				CLANG_WARN_RANGE_LOOP_ANALYSIS = YES;
				CLANG_WARN_STRICT_PROTOTYPES = YES;
				CLANG_WARN_SUSPICIOUS_MOVE = YES;
				CLANG_WARN_UNGUARDED_AVAILABILITY = YES_AGGRESSIVE;
				CLANG_WARN_UNREACHABLE_CODE = YES;
				CLANG_WARN__DUPLICATE_METHOD_MATCH = YES;
				COPY_PHASE_STRIP = NO;
				DEBUG_INFORMATION_FORMAT = "dwarf-with-dsym";
				ENABLE_NS_ASSERTIONS = NO;
				ENABLE_STRICT_OBJC_MSGSEND = YES;
				GCC_C_LANGUAGE_STANDARD = gnu11;
				GCC_NO_COMMON_BLOCKS = YES;
				GCC_WARN_64_TO_32_BIT_CONVERSION = YES;
				GCC_WARN_ABOUT_RETURN_TYPE = YES_ERROR;
				GCC_WARN_UNDECLARED_SELECTOR = YES;
				GCC_WARN_UNINITIALIZED_AUTOS = YES_AGGRESSIVE;
				GCC_WARN_UNUSED_FUNCTION = YES;
				GCC_WARN_UNUSED_VARIABLE = YES;
				IPHONEOS_DEPLOYMENT_TARGET = 13.4;
				MTL_ENABLE_DEBUG_INFO = NO;
				MTL_FAST_MATH = YES;
				SDKROOT = iphoneos;
				SWIFT_COMPILATION_MODE = wholemodule;
				SWIFT_OPTIMIZATION_LEVEL = "-O";
				VALIDATE_PRODUCT = YES;
			};
			name = Release;
		};
		9F6DE393250040B900F38973 /* Debug */ = {
			isa = XCBuildConfiguration;
			buildSettings = {
				ASSETCATALOG_COMPILER_APPICON_NAME = AppIcon;
				CODE_SIGN_STYLE = Automatic;
				DEVELOPMENT_TEAM = 5RTZJMVRS2;
				INFOPLIST_FILE = "Food Ordering Design APP/Info.plist";
				LD_RUNPATH_SEARCH_PATHS = (
					"$(inherited)",
					"@executable_path/Frameworks",
				);
				PRODUCT_BUNDLE_IDENTIFIER = "com.hosam.net.Food-Ordering-Design-APP";
				PRODUCT_NAME = "$(TARGET_NAME)";
				SWIFT_VERSION = 5.0;
				TARGETED_DEVICE_FAMILY = 1;
			};
			name = Debug;
		};
		9F6DE394250040B900F38973 /* Release */ = {
			isa = XCBuildConfiguration;
			buildSettings = {
				ASSETCATALOG_COMPILER_APPICON_NAME = AppIcon;
				CODE_SIGN_STYLE = Automatic;
				DEVELOPMENT_TEAM = 5RTZJMVRS2;
				INFOPLIST_FILE = "Food Ordering Design APP/Info.plist";
				LD_RUNPATH_SEARCH_PATHS = (
					"$(inherited)",
					"@executable_path/Frameworks",
				);
				PRODUCT_BUNDLE_IDENTIFIER = "com.hosam.net.Food-Ordering-Design-APP";
				PRODUCT_NAME = "$(TARGET_NAME)";
				SWIFT_VERSION = 5.0;
				TARGETED_DEVICE_FAMILY = 1;
			};
			name = Release;
		};
/* End XCBuildConfiguration section */

/* Begin XCConfigurationList section */
		9F6DE379250040B600F38973 /* Build configuration list for PBXProject "Food Ordering Design APP" */ = {
			isa = XCConfigurationList;
			buildConfigurations = (
				9F6DE390250040B900F38973 /* Debug */,
				9F6DE391250040B900F38973 /* Release */,
			);
			defaultConfigurationIsVisible = 0;
			defaultConfigurationName = Release;
		};
		9F6DE392250040B900F38973 /* Build configuration list for PBXNativeTarget "Food Ordering Design APP" */ = {
			isa = XCConfigurationList;
			buildConfigurations = (
				9F6DE393250040B900F38973 /* Debug */,
				9F6DE394250040B900F38973 /* Release */,
			);
			defaultConfigurationIsVisible = 0;
			defaultConfigurationName = Release;
		};
/* End XCConfigurationList section */
	};
	rootObject = 9F6DE376250040B600F38973 /* Project object */;
}
